
Microsoft Visual Studio Solution File, Format Version 12.00
# Visual Studio Version 17
VisualStudioVersion = 17.9.34728.123
MinimumVisualStudioVersion = 10.0.40219.1
Project("{FAE04EC0-301F-11D3-BF4B-00C04F79EFBC}") = "15.2", "15.2\15.2.csproj", "{CC43926B-99E1-4F83-B0BE-06DFBFB6FA7F}"
EndProject
Project("{FAE04EC0-301F-11D3-BF4B-00C04F79EFBC}") = "Задание 4", "Задание 4\Задание 4.csproj", "{4A23A79A-3553-4954-9B28-36222D958ACE}"
EndProject
Project("{FAE04EC0-301F-11D3-BF4B-00C04F79EFBC}") = "Задание 5", "Задание 5\Задание 5.csproj", "{CF8B71E4-7DCA-49D0-9D28-09C83267C960}"
EndProject
Project("{FAE04EC0-301F-11D3-BF4B-00C04F79EFBC}") = "Задание 6", "Задание 6\Задание 6.csproj", "{838CF83A-E6F6-40F1-A1A5-129F6D19B831}"
EndProject
Project("{FAE04EC0-301F-11D3-BF4B-00C04F79EFBC}") = "Задание 6.2", "Задание 6.2\Задание 6.2.csproj", "{1F5AD3CA-665E-40B0-893D-DB723B9E11FB}"
EndProject
Global
	GlobalSection(SolutionConfigurationPlatforms) = preSolution
		Debug|Any CPU = Debug|Any CPU
		Release|Any CPU = Release|Any CPU
	EndGlobalSection
	GlobalSection(ProjectConfigurationPlatforms) = postSolution
		{CC43926B-99E1-4F83-B0BE-06DFBFB6FA7F}.Debug|Any CPU.ActiveCfg = Debug|Any CPU
		{CC43926B-99E1-4F83-B0BE-06DFBFB6FA7F}.Debug|Any CPU.Build.0 = Debug|Any CPU
		{CC43926B-99E1-4F83-B0BE-06DFBFB6FA7F}.Release|Any CPU.ActiveCfg = Release|Any CPU
		{CC43926B-99E1-4F83-B0BE-06DFBFB6FA7F}.Release|Any CPU.Build.0 = Release|Any CPU
		{4A23A79A-3553-4954-9B28-36222D958ACE}.Debug|Any CPU.ActiveCfg = Debug|Any CPU
		{4A23A79A-3553-4954-9B28-36222D958ACE}.Debug|Any CPU.Build.0 = Debug|Any CPU
		{4A23A79A-3553-4954-9B28-36222D958ACE}.Release|Any CPU.ActiveCfg = Release|Any CPU
		{4A23A79A-3553-4954-9B28-36222D958ACE}.Release|Any CPU.Build.0 = Release|Any CPU
		{CF8B71E4-7DCA-49D0-9D28-09C83267C960}.Debug|Any CPU.ActiveCfg = Debug|Any CPU
		{CF8B71E4-7DCA-49D0-9D28-09C83267C960}.Debug|Any CPU.Build.0 = Debug|Any CPU
		{CF8B71E4-7DCA-49D0-9D28-09C83267C960}.Release|Any CPU.ActiveCfg = Release|Any CPU
		{CF8B71E4-7DCA-49D0-9D28-09C83267C960}.Release|Any CPU.Build.0 = Release|Any CPU
		{838CF83A-E6F6-40F1-A1A5-129F6D19B831}.Debug|Any CPU.ActiveCfg = Debug|Any CPU
		{838CF83A-E6F6-40F1-A1A5-129F6D19B831}.Debug|Any CPU.Build.0 = Debug|Any CPU
		{838CF83A-E6F6-40F1-A1A5-129F6D19B831}.Release|Any CPU.ActiveCfg = Release|Any CPU
		{838CF83A-E6F6-40F1-A1A5-129F6D19B831}.Release|Any CPU.Build.0 = Release|Any CPU
		{1F5AD3CA-665E-40B0-893D-DB723B9E11FB}.Debug|Any CPU.ActiveCfg = Debug|Any CPU
		{1F5AD3CA-665E-40B0-893D-DB723B9E11FB}.Debug|Any CPU.Build.0 = Debug|Any CPU
		{1F5AD3CA-665E-40B0-893D-DB723B9E11FB}.Release|Any CPU.ActiveCfg = Release|Any CPU
		{1F5AD3CA-665E-40B0-893D-DB723B9E11FB}.Release|Any CPU.Build.0 = Release|Any CPU
	EndGlobalSection
	GlobalSection(SolutionProperties) = preSolution
		HideSolutionNode = FALSE
	EndGlobalSection
	GlobalSection(ExtensibilityGlobals) = postSolution
		SolutionGuid = {63DD53B1-158C-4BF4-B164-7212E7BBDCB7}
	EndGlobalSection
EndGlobal
